
Microsoft Visual Studio Solution File, Format Version 12.00
# Visual Studio Version 17
VisualStudioVersion = 17.7.33808.371
MinimumVisualStudioVersion = 10.0.40219.1
Project("{FAE04EC0-301F-11D3-BF4B-00C04F79EFBC}") = "G9MySqlBackup", "G9MySqlBackup\G9MySqlBackup.csproj", "{EC6ABBB7-998B-4A94-9057-BBA4F6229C92}"
EndProject
Global
	GlobalSection(SolutionConfigurationPlatforms) = preSolution
		Debug|Any CPU = Debug|Any CPU
		Release|Any CPU = Release|Any CPU
	EndGlobalSection
	GlobalSection(ProjectConfigurationPlatforms) = postSolution
		{EC6ABBB7-998B-4A94-9057-BBA4F6229C92}.Debug|Any CPU.ActiveCfg = Debug|Any CPU
		{EC6ABBB7-998B-4A94-9057-BBA4F6229C92}.Debug|Any CPU.Build.0 = Debug|Any CPU
		{EC6ABBB7-998B-4A94-9057-BBA4F6229C92}.Release|Any CPU.ActiveCfg = Release|Any CPU
		{EC6ABBB7-998B-4A94-9057-BBA4F6229C92}.Release|Any CPU.Build.0 = Release|Any CPU
	EndGlobalSection
	GlobalSection(SolutionProperties) = preSolution
		HideSolutionNode = FALSE
	EndGlobalSection
	GlobalSection(ExtensibilityGlobals) = postSolution
		SolutionGuid = {45DA4B1E-08D4-484D-8204-6ABC6F8313E0}
	EndGlobalSection
EndGlobal
